{
  "lockfileVersion": 1,
  "workspaces": {
    "": {
      "name": "frontend",
      "dependencies": {
        "react": "^19.1.0",
        "react-dom": "^19.1.0",
        "react-router-dom": "^7.5.0",
      },
      "devDependencies": {
        "@biomejs/biome": "^1.9.4",
        "@rsbuild/core": "^1.3.6",
        "@rsbuild/plugin-react": "^1.2.0",
        "@types/react": "^19.1.1",
        "@types/react-dom": "^19.1.2",
        "axios": "^1.8.4",
        "typescript": "^5.8.3",
      },
    },
  },
  "packages": {
    "@biomejs/biome": ["@biomejs/biome@1.9.4", "", { "optionalDependencies": { "@biomejs/cli-darwin-arm64": "1.9.4", "@biomejs/cli-darwin-x64": "1.9.4", "@biomejs/cli-linux-arm64": "1.9.4", "@biomejs/cli-linux-arm64-musl": "1.9.4", "@biomejs/cli-linux-x64": "1.9.4", "@biomejs/cli-linux-x64-musl": "1.9.4", "@biomejs/cli-win32-arm64": "1.9.4", "@biomejs/cli-win32-x64": "1.9.4" }, "bin": { "biome": "bin/biome" } }, "sha512-1rkd7G70+o9KkTn5KLmDYXihGoTaIGO9PIIN2ZB7UJxFrWw04CZHPYiMRjYsaDvVV7hP1dYNRLxSANLaBFGpog=="],

    "@biomejs/cli-darwin-arm64": ["@biomejs/cli-darwin-arm64@1.9.4", "", { "os": "darwin", "cpu": "arm64" }, "sha512-bFBsPWrNvkdKrNCYeAp+xo2HecOGPAy9WyNyB/jKnnedgzl4W4Hb9ZMzYNbf8dMCGmUdSavlYHiR01QaYR58cw=="],

    "@biomejs/cli-darwin-x64": ["@biomejs/cli-darwin-x64@1.9.4", "", { "os": "darwin", "cpu": "x64" }, "sha512-ngYBh/+bEedqkSevPVhLP4QfVPCpb+4BBe2p7Xs32dBgs7rh9nY2AIYUL6BgLw1JVXV8GlpKmb/hNiuIxfPfZg=="],

    "@biomejs/cli-linux-arm64": ["@biomejs/cli-linux-arm64@1.9.4", "", { "os": "linux", "cpu": "arm64" }, "sha512-fJIW0+LYujdjUgJJuwesP4EjIBl/N/TcOX3IvIHJQNsAqvV2CHIogsmA94BPG6jZATS4Hi+xv4SkBBQSt1N4/g=="],

    "@biomejs/cli-linux-arm64-musl": ["@biomejs/cli-linux-arm64-musl@1.9.4", "", { "os": "linux", "cpu": "arm64" }, "sha512-v665Ct9WCRjGa8+kTr0CzApU0+XXtRgwmzIf1SeKSGAv+2scAlW6JR5PMFo6FzqqZ64Po79cKODKf3/AAmECqA=="],

    "@biomejs/cli-linux-x64": ["@biomejs/cli-linux-x64@1.9.4", "", { "os": "linux", "cpu": "x64" }, "sha512-lRCJv/Vi3Vlwmbd6K+oQ0KhLHMAysN8lXoCI7XeHlxaajk06u7G+UsFSO01NAs5iYuWKmVZjmiOzJ0OJmGsMwg=="],

    "@biomejs/cli-linux-x64-musl": ["@biomejs/cli-linux-x64-musl@1.9.4", "", { "os": "linux", "cpu": "x64" }, "sha512-gEhi/jSBhZ2m6wjV530Yy8+fNqG8PAinM3oV7CyO+6c3CEh16Eizm21uHVsyVBEB6RIM8JHIl6AGYCv6Q6Q9Tg=="],

    "@biomejs/cli-win32-arm64": ["@biomejs/cli-win32-arm64@1.9.4", "", { "os": "win32", "cpu": "arm64" }, "sha512-tlbhLk+WXZmgwoIKwHIHEBZUwxml7bRJgk0X2sPyNR3S93cdRq6XulAZRQJ17FYGGzWne0fgrXBKpl7l4M87Hg=="],

    "@biomejs/cli-win32-x64": ["@biomejs/cli-win32-x64@1.9.4", "", { "os": "win32", "cpu": "x64" }, "sha512-8Y5wMhVIPaWe6jw2H+KlEm4wP/f7EW3810ZLmDlrEEy5KvBsb9ECEfu/kMWD484ijfQ8+nIi0giMgu9g1UAuuA=="],

    "@module-federation/error-codes": ["@module-federation/error-codes@0.11.2", "", {}, "sha512-ik1Qnn0I+WyEdprTck9WGlH41vGsVdUg8cfO+ZM02qOb2cZm5Vu3SlxGAobj6g7uAj0g8yINnd7h7Dci40BxQA=="],

    "@module-federation/runtime": ["@module-federation/runtime@0.11.2", "", { "dependencies": { "@module-federation/error-codes": "0.11.2", "@module-federation/runtime-core": "0.11.2", "@module-federation/sdk": "0.11.2" } }, "sha512-Ya9u/L6z2LvhgpqxuKCB7LcigIIRf1BbaxAZIH7mzbq/A7rZtTP7v+73E433jvgiAlbAfPSZkeoYGele6hfRwA=="],

    "@module-federation/runtime-core": ["@module-federation/runtime-core@0.11.2", "", { "dependencies": { "@module-federation/error-codes": "0.11.2", "@module-federation/sdk": "0.11.2" } }, "sha512-dia5kKybi6MFU0s5PgglJwN27k7n9Sf69Cy5xZ4BWaP0qlaXTsxHKO0PECHNt2Pt8jDdyU29sQ4DwAQfxpnXJQ=="],

    "@module-federation/runtime-tools": ["@module-federation/runtime-tools@0.11.2", "", { "dependencies": { "@module-federation/runtime": "0.11.2", "@module-federation/webpack-bundler-runtime": "0.11.2" } }, "sha512-4MJTGAxVq6vxQRkTtTlH7Mm9AVqgn0X9kdu+7RsL7T/qU+jeYsbrntN2CWG3GVVA8r5JddXyTI1iJ0VXQZLV1w=="],

    "@module-federation/sdk": ["@module-federation/sdk@0.11.2", "", {}, "sha512-SBFe5xOamluT900J4AGBx+2/kCH/JbfqXoUwPSAC6PRzb8Y7LB0posnOGzmqYsLZXT37vp3d6AmJDsVoajDqxw=="],

    "@module-federation/webpack-bundler-runtime": ["@module-federation/webpack-bundler-runtime@0.11.2", "", { "dependencies": { "@module-federation/runtime": "0.11.2", "@module-federation/sdk": "0.11.2" } }, "sha512-WdwIE6QF+MKs/PdVu0cKPETF743JB9PZ62/qf7Uo3gU4fjsUMc37RnbJZ/qB60EaHHfjwp1v6NnhZw1r4eVsnw=="],

    "@rsbuild/core": ["@rsbuild/core@1.3.6", "", { "dependencies": { "@rspack/core": "1.3.4", "@rspack/lite-tapable": "~1.0.1", "@swc/helpers": "^0.5.15", "core-js": "~3.41.0", "jiti": "^2.4.2" }, "bin": { "rsbuild": "bin/rsbuild.js" } }, "sha512-ZuwqoqVkuX4Nmpzg+Kvn9zW26CBGE+iod+iF8J96tOpBWYyCwuSJlZQuTZaBQBOaOrv+CWf9r2d37TvI8nvEgg=="],

    "@rsbuild/plugin-react": ["@rsbuild/plugin-react@1.2.0", "", { "dependencies": { "@rspack/plugin-react-refresh": "~1.2.0", "react-refresh": "^0.17.0" }, "peerDependencies": { "@rsbuild/core": "1.x" } }, "sha512-TXd0cvcLPF7OrO215vlGSyRXD6Fc3KQWhFuXFKOtRYp+C1Vc9oeW0GopUIStv2pI2/xtv2XX8GOAdJsnsc6lkA=="],

    "@rspack/binding": ["@rspack/binding@1.3.4", "", { "optionalDependencies": { "@rspack/binding-darwin-arm64": "1.3.4", "@rspack/binding-darwin-x64": "1.3.4", "@rspack/binding-linux-arm64-gnu": "1.3.4", "@rspack/binding-linux-arm64-musl": "1.3.4", "@rspack/binding-linux-x64-gnu": "1.3.4", "@rspack/binding-linux-x64-musl": "1.3.4", "@rspack/binding-win32-arm64-msvc": "1.3.4", "@rspack/binding-win32-ia32-msvc": "1.3.4", "@rspack/binding-win32-x64-msvc": "1.3.4" } }, "sha512-wDRqqNfrVXuHAEm25mPlhroKN+v4uwhihVnZF4duz0I0L5rbsUNCy7uEda0GrBXkj3jkKLfg60mSd9MCZD0JZw=="],

    "@rspack/binding-darwin-arm64": ["@rspack/binding-darwin-arm64@1.3.4", "", { "os": "darwin", "cpu": "arm64" }, "sha512-cVfzvtVf05VumGrxFz9Tk0QHk4jWBcQBNQuaql2enco8NKnzuX+v0+VP2mbNfvgICBgrHWKRYinAX5IxTEJdCw=="],

    "@rspack/binding-darwin-x64": ["@rspack/binding-darwin-x64@1.3.4", "", { "os": "darwin", "cpu": "x64" }, "sha512-vXzf8xI+njdOSXGyI39lqkH/bSwyrx4jXW9+Pj2zbmRJVHZVyJsrx4kSpOoZX5zx/a7BbvuHRwrmmJS2HEOobw=="],

    "@rspack/binding-linux-arm64-gnu": ["@rspack/binding-linux-arm64-gnu@1.3.4", "", { "os": "linux", "cpu": "arm64" }, "sha512-c45kQrqzR05Jc62oAetiAXrnPWhyt3Pz1h2LF62OW8SYXxdBskAKpWntTts/T96HMLqNPH3MAfDKxyfOb/n0eQ=="],

    "@rspack/binding-linux-arm64-musl": ["@rspack/binding-linux-arm64-musl@1.3.4", "", { "os": "linux", "cpu": "arm64" }, "sha512-/dUvkcBVnV95tA7BpeA6IZhrbpwxFzvgU6qF/iKxyHdMjwHdjn1Um7nR00TPOn/SIHzljafHpL6CuVTLNB5xvA=="],

    "@rspack/binding-linux-x64-gnu": ["@rspack/binding-linux-x64-gnu@1.3.4", "", { "os": "linux", "cpu": "x64" }, "sha512-jZgGKoH7RyqJbyEcvhEE9wqK6mwoWxLF3c3LD2+e+dKVcO5iCfMuulCGdzUnYyvH97CtvN5j0/20PErRXubyjg=="],

    "@rspack/binding-linux-x64-musl": ["@rspack/binding-linux-x64-musl@1.3.4", "", { "os": "linux", "cpu": "x64" }, "sha512-Xko8mZ598vQDubig4rLTuCDjXplSDJbJEg6B3NykGaE6CMH2bI/6KJfVKEKo25ayNzoouT/1MxyOxB4mQuspbA=="],

    "@rspack/binding-win32-arm64-msvc": ["@rspack/binding-win32-arm64-msvc@1.3.4", "", { "os": "win32", "cpu": "arm64" }, "sha512-Q+pU/MRylYB3XoNTM1LYPxWV1KUxeZY6R54twtoDFXhZn/PDflP7qH1BHQ0KN50HuG5ZK89CaFSPMF7+vs6HNA=="],

    "@rspack/binding-win32-ia32-msvc": ["@rspack/binding-win32-ia32-msvc@1.3.4", "", { "os": "win32", "cpu": "ia32" }, "sha512-aqP/l+YAG4L9I1klW3uSq+olafw8xzAP+4cd/Nyy2SSDnhWsDgawxJyO6FIeM+hXwC73ChH9pcXHGgEC7iCcHw=="],

    "@rspack/binding-win32-x64-msvc": ["@rspack/binding-win32-x64-msvc@1.3.4", "", { "os": "win32", "cpu": "x64" }, "sha512-xDU1njA1gIzIL6Nt5ARW4vWeVgwf00i7tPONg+6fJyMgwuFfwq2qEG7UFSBOedYjsSTCW+UoBh7riN7lRiFIvw=="],

    "@rspack/core": ["@rspack/core@1.3.4", "", { "dependencies": { "@module-federation/runtime-tools": "0.11.2", "@rspack/binding": "1.3.4", "@rspack/lite-tapable": "1.0.1", "caniuse-lite": "^1.0.30001707" }, "peerDependencies": { "@rspack/tracing": "^1.x", "@swc/helpers": ">=0.5.1" }, "optionalPeers": ["@rspack/tracing", "@swc/helpers"] }, "sha512-NIIk/0XUkyU9G8eby6kKO3YFpeDn8RsUIzNuElcfi1rWuuK+NLasDqUYOFqqlNBKnZpmtZ+SXAV9jE5k/i3uwg=="],

    "@rspack/lite-tapable": ["@rspack/lite-tapable@1.0.1", "", {}, "sha512-VynGOEsVw2s8TAlLf/uESfrgfrq2+rcXB1muPJYBWbsm1Oa6r5qVQhjA5ggM6z/coYPrsVMgovl3Ff7Q7OCp1w=="],

    "@rspack/plugin-react-refresh": ["@rspack/plugin-react-refresh@1.2.0", "", { "dependencies": { "error-stack-parser": "^2.1.4", "html-entities": "^2.6.0" }, "peerDependencies": { "react-refresh": ">=0.10.0 <1.0.0", "webpack-hot-middleware": "2.x" }, "optionalPeers": ["webpack-hot-middleware"] }, "sha512-DTsbtggCfsiXE5QQtYMS8rKfEF8GIjwPDbgIT6Kg8BlAjpJY4jT5IisyhfIi7YOT3d5RIvu60iFB6Kr9sSMsnA=="],

    "@swc/helpers": ["@swc/helpers@0.5.17", "", { "dependencies": { "tslib": "^2.8.0" } }, "sha512-5IKx/Y13RsYd+sauPb2x+U/xZikHjolzfuDgTAl/Tdf3Q8rslRvC19NKDLgAJQ6wsqADk10ntlv08nPFw/gO/A=="],

    "@types/cookie": ["@types/cookie@0.6.0", "", {}, "sha512-4Kh9a6B2bQciAhf7FSuMRRkUWecJgJu9nPnx3yzpsfXX/c50REIqpHY4C82bXP90qrLtXtkDxTZosYO3UpOwlA=="],

    "@types/react": ["@types/react@19.1.1", "", { "dependencies": { "csstype": "^3.0.2" } }, "sha512-ePapxDL7qrgqSF67s0h9m412d9DbXyC1n59O2st+9rjuuamWsZuD2w55rqY12CbzsZ7uVXb5Nw0gEp9Z8MMutQ=="],

    "@types/react-dom": ["@types/react-dom@19.1.2", "", { "peerDependencies": { "@types/react": "^19.0.0" } }, "sha512-XGJkWF41Qq305SKWEILa1O8vzhb3aOo3ogBlSmiqNko/WmRb6QIaweuZCXjKygVDXpzXb5wyxKTSOsmkuqj+Qw=="],

    "asynckit": ["asynckit@0.4.0", "", {}, "sha512-Oei9OH4tRh0YqU3GxhX79dM/mwVgvbZJaSNaRk+bshkj0S5cfHcgYakreBjrHwatXKbz+IoIdYLxrKim2MjW0Q=="],

    "axios": ["axios@1.8.4", "", { "dependencies": { "follow-redirects": "^1.15.6", "form-data": "^4.0.0", "proxy-from-env": "^1.1.0" } }, "sha512-eBSYY4Y68NNlHbHBMdeDmKNtDgXWhQsJcGqzO3iLUM0GraQFSS9cVgPX5I9b3lbdFKyYoAEGAZF1DwhTaljNAw=="],

    "call-bind-apply-helpers": ["call-bind-apply-helpers@1.0.2", "", { "dependencies": { "es-errors": "^1.3.0", "function-bind": "^1.1.2" } }, "sha512-Sp1ablJ0ivDkSzjcaJdxEunN5/XvksFJ2sMBFfq6x0ryhQV/2b/KwFe21cMpmHtPOSij8K99/wSfoEuTObmuMQ=="],

    "caniuse-lite": ["caniuse-lite@1.0.30001713", "", {}, "sha512-wCIWIg+A4Xr7NfhTuHdX+/FKh3+Op3LBbSp2N5Pfx6T/LhdQy3GTyoTg48BReaW/MyMNZAkTadsBtai3ldWK0Q=="],

    "combined-stream": ["combined-stream@1.0.8", "", { "dependencies": { "delayed-stream": "~1.0.0" } }, "sha512-FQN4MRfuJeHf7cBbBMJFXhKSDq+2kAArBlmRBvcvFE5BB1HZKXtSFASDhdlz9zOYwxh8lDdnvmMOe/+5cdoEdg=="],

    "cookie": ["cookie@1.0.2", "", {}, "sha512-9Kr/j4O16ISv8zBBhJoi4bXOYNTkFLOqSL3UDB0njXxCXNezjeyVrJyGOWtgfs/q2km1gwBcfH8q1yEGoMYunA=="],

    "core-js": ["core-js@3.41.0", "", {}, "sha512-SJ4/EHwS36QMJd6h/Rg+GyR4A5xE0FSI3eZ+iBVpfqf1x0eTSg1smWLHrA+2jQThZSh97fmSgFSU8B61nxosxA=="],

    "csstype": ["csstype@3.1.3", "", {}, "sha512-M1uQkMl8rQK/szD0LNhtqxIPLpimGm8sOBwU7lLnCpSbTyY3yeU1Vc7l4KT5zT4s/yOxHH5O7tIuuLOCnLADRw=="],

    "delayed-stream": ["delayed-stream@1.0.0", "", {}, "sha512-ZySD7Nf91aLB0RxL4KGrKHBXl7Eds1DAmEdcoVawXnLD7SDhpNgtuII2aAkg7a7QS41jxPSZ17p4VdGnMHk3MQ=="],

    "dunder-proto": ["dunder-proto@1.0.1", "", { "dependencies": { "call-bind-apply-helpers": "^1.0.1", "es-errors": "^1.3.0", "gopd": "^1.2.0" } }, "sha512-KIN/nDJBQRcXw0MLVhZE9iQHmG68qAVIBg9CqmUYjmQIhgij9U5MFvrqkUL5FbtyyzZuOeOt0zdeRe4UY7ct+A=="],

    "error-stack-parser": ["error-stack-parser@2.1.4", "", { "dependencies": { "stackframe": "^1.3.4" } }, "sha512-Sk5V6wVazPhq5MhpO+AUxJn5x7XSXGl1R93Vn7i+zS15KDVxQijejNCrz8340/2bgLBjR9GtEG8ZVKONDjcqGQ=="],

    "es-define-property": ["es-define-property@1.0.1", "", {}, "sha512-e3nRfgfUZ4rNGL232gUgX06QNyyez04KdjFrF+LTRoOXmrOgFKDg4BCdsjW8EnT69eqdYGmRpJwiPVYNrCaW3g=="],

    "es-errors": ["es-errors@1.3.0", "", {}, "sha512-Zf5H2Kxt2xjTvbJvP2ZWLEICxA6j+hAmMzIlypy4xcBg1vKVnx89Wy0GbS+kf5cwCVFFzdCFh2XSCFNULS6csw=="],

    "es-object-atoms": ["es-object-atoms@1.1.1", "", { "dependencies": { "es-errors": "^1.3.0" } }, "sha512-FGgH2h8zKNim9ljj7dankFPcICIK9Cp5bm+c2gQSYePhpaG5+esrLODihIorn+Pe6FGJzWhXQotPv73jTaldXA=="],

    "es-set-tostringtag": ["es-set-tostringtag@2.1.0", "", { "dependencies": { "es-errors": "^1.3.0", "get-intrinsic": "^1.2.6", "has-tostringtag": "^1.0.2", "hasown": "^2.0.2" } }, "sha512-j6vWzfrGVfyXxge+O0x5sh6cvxAog0a/4Rdd2K36zCMV5eJ+/+tOAngRO8cODMNWbVRdVlmGZQL2YS3yR8bIUA=="],

    "follow-redirects": ["follow-redirects@1.15.9", "", {}, "sha512-gew4GsXizNgdoRyqmyfMHyAmXsZDk6mHkSxZFCzW9gwlbtOW44CDtYavM+y+72qD/Vq2l550kMF52DT8fOLJqQ=="],

    "form-data": ["form-data@4.0.2", "", { "dependencies": { "asynckit": "^0.4.0", "combined-stream": "^1.0.8", "es-set-tostringtag": "^2.1.0", "mime-types": "^2.1.12" } }, "sha512-hGfm/slu0ZabnNt4oaRZ6uREyfCj6P4fT/n6A1rGV+Z0VdGXjfOhVUpkn6qVQONHGIFwmveGXyDs75+nr6FM8w=="],

    "function-bind": ["function-bind@1.1.2", "", {}, "sha512-7XHNxH7qX9xG5mIwxkhumTox/MIRNcOgDrxWsMt2pAr23WHp6MrRlN7FBSFpCpr+oVO0F744iUgR82nJMfG2SA=="],

    "get-intrinsic": ["get-intrinsic@1.3.0", "", { "dependencies": { "call-bind-apply-helpers": "^1.0.2", "es-define-property": "^1.0.1", "es-errors": "^1.3.0", "es-object-atoms": "^1.1.1", "function-bind": "^1.1.2", "get-proto": "^1.0.1", "gopd": "^1.2.0", "has-symbols": "^1.1.0", "hasown": "^2.0.2", "math-intrinsics": "^1.1.0" } }, "sha512-9fSjSaos/fRIVIp+xSJlE6lfwhES7LNtKaCBIamHsjr2na1BiABJPo0mOjjz8GJDURarmCPGqaiVg5mfjb98CQ=="],

    "get-proto": ["get-proto@1.0.1", "", { "dependencies": { "dunder-proto": "^1.0.1", "es-object-atoms": "^1.0.0" } }, "sha512-sTSfBjoXBp89JvIKIefqw7U2CCebsc74kiY6awiGogKtoSGbgjYE/G/+l9sF3MWFPNc9IcoOC4ODfKHfxFmp0g=="],

    "gopd": ["gopd@1.2.0", "", {}, "sha512-ZUKRh6/kUFoAiTAtTYPZJ3hw9wNxx+BIBOijnlG9PnrJsCcSjs1wyyD6vJpaYtgnzDrKYRSqf3OO6Rfa93xsRg=="],

    "has-symbols": ["has-symbols@1.1.0", "", {}, "sha512-1cDNdwJ2Jaohmb3sg4OmKaMBwuC48sYni5HUw2DvsC8LjGTLK9h+eb1X6RyuOHe4hT0ULCW68iomhjUoKUqlPQ=="],

    "has-tostringtag": ["has-tostringtag@1.0.2", "", { "dependencies": { "has-symbols": "^1.0.3" } }, "sha512-NqADB8VjPFLM2V0VvHUewwwsw0ZWBaIdgo+ieHtK3hasLz4qeCRjYcqfB6AQrBggRKppKF8L52/VqdVsO47Dlw=="],

    "hasown": ["hasown@2.0.2", "", { "dependencies": { "function-bind": "^1.1.2" } }, "sha512-0hJU9SCPvmMzIBdZFqNPXWa6dqh7WdH0cII9y+CyS8rG3nL48Bclra9HmKhVVUHyPWNH5Y7xDwAB7bfgSjkUMQ=="],

    "html-entities": ["html-entities@2.6.0", "", {}, "sha512-kig+rMn/QOVRvr7c86gQ8lWXq+Hkv6CbAH1hLu+RG338StTpE8Z0b44SDVaqVu7HGKf27frdmUYEs9hTUX/cLQ=="],

    "jiti": ["jiti@2.4.2", "", { "bin": { "jiti": "lib/jiti-cli.mjs" } }, "sha512-rg9zJN+G4n2nfJl5MW3BMygZX56zKPNVEYYqq7adpmMh4Jn2QNEwhvQlFy6jPVdcod7txZtKHWnyZiA3a0zP7A=="],

    "math-intrinsics": ["math-intrinsics@1.1.0", "", {}, "sha512-/IXtbwEk5HTPyEwyKX6hGkYXxM9nbj64B+ilVJnC/R6B0pH5G4V3b0pVbL7DBj4tkhBAppbQUlf6F6Xl9LHu1g=="],

    "mime-db": ["mime-db@1.52.0", "", {}, "sha512-sPU4uV7dYlvtWJxwwxHD0PuihVNiE7TyAbQ5SWxDCB9mUYvOgroQOwYQQOKPJ8CIbE+1ETVlOoK1UC2nU3gYvg=="],

    "mime-types": ["mime-types@2.1.35", "", { "dependencies": { "mime-db": "1.52.0" } }, "sha512-ZDY+bPm5zTTF+YpCrAU9nK0UgICYPT0QtT1NZWFv4s++TNkcgVaT0g6+4R2uI4MjQjzysHB1zxuWL50hzaeXiw=="],

    "proxy-from-env": ["proxy-from-env@1.1.0", "", {}, "sha512-D+zkORCbA9f1tdWRK0RaCR3GPv50cMxcrz4X8k5LTSUD1Dkw47mKJEZQNunItRTkWwgtaUSo1RVFRIG9ZXiFYg=="],

    "react": ["react@19.1.0", "", {}, "sha512-FS+XFBNvn3GTAWq26joslQgWNoFu08F4kl0J4CgdNKADkdSGXQyTCnKteIAJy96Br6YbpEU1LSzV5dYtjMkMDg=="],

    "react-dom": ["react-dom@19.1.0", "", { "dependencies": { "scheduler": "^0.26.0" }, "peerDependencies": { "react": "^19.1.0" } }, "sha512-Xs1hdnE+DyKgeHJeJznQmYMIBG3TKIHJJT95Q58nHLSrElKlGQqDTR2HQ9fx5CN/Gk6Vh/kupBTDLU11/nDk/g=="],

    "react-refresh": ["react-refresh@0.17.0", "", {}, "sha512-z6F7K9bV85EfseRCp2bzrpyQ0Gkw1uLoCel9XBVWPg/TjRj94SkJzUTGfOa4bs7iJvBWtQG0Wq7wnI0syw3EBQ=="],

    "react-router": ["react-router@7.5.0", "", { "dependencies": { "@types/cookie": "^0.6.0", "cookie": "^1.0.1", "set-cookie-parser": "^2.6.0", "turbo-stream": "2.4.0" }, "peerDependencies": { "react": ">=18", "react-dom": ">=18" }, "optionalPeers": ["react-dom"] }, "sha512-estOHrRlDMKdlQa6Mj32gIks4J+AxNsYoE0DbTTxiMy2mPzZuWSDU+N85/r1IlNR7kGfznF3VCUlvc5IUO+B9g=="],

    "react-router-dom": ["react-router-dom@7.5.0", "", { "dependencies": { "react-router": "7.5.0" }, "peerDependencies": { "react": ">=18", "react-dom": ">=18" } }, "sha512-fFhGFCULy4vIseTtH5PNcY/VvDJK5gvOWcwJVHQp8JQcWVr85ENhJ3UpuF/zP1tQOIFYNRJHzXtyhU1Bdgw0RA=="],

    "scheduler": ["scheduler@0.26.0", "", {}, "sha512-NlHwttCI/l5gCPR3D1nNXtWABUmBwvZpEQiD4IXSbIDq8BzLIK/7Ir5gTFSGZDUu37K5cMNp0hFtzO38sC7gWA=="],

    "set-cookie-parser": ["set-cookie-parser@2.7.1", "", {}, "sha512-IOc8uWeOZgnb3ptbCURJWNjWUPcO3ZnTTdzsurqERrP6nPyv+paC55vJM0LpOlT2ne+Ix+9+CRG1MNLlyZ4GjQ=="],

    "stackframe": ["stackframe@1.3.4", "", {}, "sha512-oeVtt7eWQS+Na6F//S4kJ2K2VbRlS9D43mAlMyVpVWovy9o+jfgH8O9agzANzaiLjclA0oYzUXEM4PurhSUChw=="],

    "tslib": ["tslib@2.8.1", "", {}, "sha512-oJFu94HQb+KVduSUQL7wnpmqnfmLsOA/nAh6b6EH0wCEoK0/mPeXU6c3wKDV83MkOuHPRHtSXKKU99IBazS/2w=="],

    "turbo-stream": ["turbo-stream@2.4.0", "", {}, "sha512-FHncC10WpBd2eOmGwpmQsWLDoK4cqsA/UT/GqNoaKOQnT8uzhtCbg3EoUDMvqpOSAI0S26mr0rkjzbOO6S3v1g=="],

    "typescript": ["typescript@5.8.3", "", { "bin": { "tsc": "bin/tsc", "tsserver": "bin/tsserver" } }, "sha512-p1diW6TqL9L07nNxvRMM7hMMw4c5XOo/1ibL4aAIGmSAt9slTE1Xgw5KWuof2uTOvCg9BY7ZRi+GaF+7sfgPeQ=="],
  }
}
